Microsoft Visual Studio Solution File, Format Version 12.00
# Visual Studio 15
VisualStudioVersion = 15.0.25807.0
MinimumVisualStudioVersion = 10.0.40219.1
Project("{2150E333-8FDC-42A3-9474-1A3956D46DE8}") = "Engine", "Engine", "{6FBA406C-AB65-4266-A570-0A14A22E2FB2}"
EndProject
Project("{2150E333-8FDC-42A3-9474-1A3956D46DE8}") = "Games", "Games", "{29310D59-D14D-409E-8EDF-8A42949897F7}"
EndProject
Project("{8BC9CEB8-8B4A-11D0-8D11-00A0C91BC942}") = "ArenaBattle", "Intermediate\ProjectFiles\ArenaBattle.vcxproj", "{D495BC8E-4096-4C2B-B6F4-93445F8F9B4C}"
EndProject
Project("{8BC9CEB8-8B4A-11D0-8D11-00A0C91BC942}") = "UE4", "Intermediate\ProjectFiles\UE4.vcxproj", "{07FD2768-3627-4EB5-85F9-43F756CBBC9C}"
EndProject
Project("{2150E333-8FDC-42A3-9474-1A3956D46DE8}") = "Visualizers", "Visualizers", "{CB6EB984-19E7-495F-AD37-A312EA315676}"
	ProjectSection(SolutionItems) = preProject
		D:\UE_4.21\Engine\Extras\VisualStudioDebugging\UE4.natvis = D:\UE_4.21\Engine\Extras\VisualStudioDebugging\UE4.natvis
	EndProjectSection
EndProject
Global
	GlobalSection(SolutionConfigurationPlatforms) = preSolution
		DebugGame Editor|HTML5 = DebugGame Editor|HTML5
		DebugGame Editor|Win32 = DebugGame Editor|Win32
		DebugGame Editor|Win64 = DebugGame Editor|Win64
		DebugGame|HTML5 = DebugGame|HTML5
		DebugGame|Win32 = DebugGame|Win32
		DebugGame|Win64 = DebugGame|Win64
		Development Editor|HTML5 = Development Editor|HTML5
		Development Editor|Win32 = Development Editor|Win32
		Development Editor|Win64 = Development Editor|Win64
		Development|HTML5 = Development|HTML5
		Development|Win32 = Development|Win32
		Development|Win64 = Development|Win64
		Shipping|HTML5 = Shipping|HTML5
		Shipping|Win32 = Shipping|Win32
		Shipping|Win64 = Shipping|Win64
	EndGlobalSection
	GlobalSection(ProjectConfigurationPlatforms) = postSolution
		{D495BC8E-4096-4C2B-B6F4-93445F8F9B4C}.DebugGame Editor|HTML5.ActiveCfg = Invalid|Win32
		{D495BC8E-4096-4C2B-B6F4-93445F8F9B4C}.DebugGame Editor|Win32.ActiveCfg = Invalid|Win32
		{D495BC8E-4096-4C2B-B6F4-93445F8F9B4C}.DebugGame Editor|Win64.ActiveCfg = DebugGame_Editor|x64
		{D495BC8E-4096-4C2B-B6F4-93445F8F9B4C}.DebugGame Editor|Win64.Build.0 = DebugGame_Editor|x64
		{D495BC8E-4096-4C2B-B6F4-93445F8F9B4C}.DebugGame|HTML5.ActiveCfg = HTML5_DebugGame|Win32
		{D495BC8E-4096-4C2B-B6F4-93445F8F9B4C}.DebugGame|HTML5.Build.0 = HTML5_DebugGame|Win32
		{D495BC8E-4096-4C2B-B6F4-93445F8F9B4C}.DebugGame|Win32.ActiveCfg = DebugGame|Win32
		{D495BC8E-4096-4C2B-B6F4-93445F8F9B4C}.DebugGame|Win32.Build.0 = DebugGame|Win32
		{D495BC8E-4096-4C2B-B6F4-93445F8F9B4C}.DebugGame|Win64.ActiveCfg = DebugGame|x64
		{D495BC8E-4096-4C2B-B6F4-93445F8F9B4C}.DebugGame|Win64.Build.0 = DebugGame|x64
		{D495BC8E-4096-4C2B-B6F4-93445F8F9B4C}.Development Editor|HTML5.ActiveCfg = Invalid|Win32
		{D495BC8E-4096-4C2B-B6F4-93445F8F9B4C}.Development Editor|Win32.ActiveCfg = Invalid|Win32
		{D495BC8E-4096-4C2B-B6F4-93445F8F9B4C}.Development Editor|Win64.ActiveCfg = Development_Editor|x64
		{D495BC8E-4096-4C2B-B6F4-93445F8F9B4C}.Development Editor|Win64.Build.0 = Development_Editor|x64
		{D495BC8E-4096-4C2B-B6F4-93445F8F9B4C}.Development|HTML5.ActiveCfg = HTML5_Development|Win32
		{D495BC8E-4096-4C2B-B6F4-93445F8F9B4C}.Development|HTML5.Build.0 = HTML5_Development|Win32
		{D495BC8E-4096-4C2B-B6F4-93445F8F9B4C}.Development|Win32.ActiveCfg = Development|Win32
		{D495BC8E-4096-4C2B-B6F4-93445F8F9B4C}.Development|Win32.Build.0 = Development|Win32
		{D495BC8E-4096-4C2B-B6F4-93445F8F9B4C}.Development|Win64.ActiveCfg = Development|x64
		{D495BC8E-4096-4C2B-B6F4-93445F8F9B4C}.Development|Win64.Build.0 = Development|x64
		{D495BC8E-4096-4C2B-B6F4-93445F8F9B4C}.Shipping|HTML5.ActiveCfg = HTML5_Shipping|Win32
		{D495BC8E-4096-4C2B-B6F4-93445F8F9B4C}.Shipping|HTML5.Build.0 = HTML5_Shipping|Win32
		{D495BC8E-4096-4C2B-B6F4-93445F8F9B4C}.Shipping|Win32.ActiveCfg = Shipping|Win32
		{D495BC8E-4096-4C2B-B6F4-93445F8F9B4C}.Shipping|Win32.Build.0 = Shipping|Win32
		{D495BC8E-4096-4C2B-B6F4-93445F8F9B4C}.Shipping|Win64.ActiveCfg = Shipping|x64
		{D495BC8E-4096-4C2B-B6F4-93445F8F9B4C}.Shipping|Win64.Build.0 = Shipping|x64
		{07FD2768-3627-4EB5-85F9-43F756CBBC9C}.DebugGame Editor|HTML5.ActiveCfg = BuiltWithUnrealBuildTool|Win32
		{07FD2768-3627-4EB5-85F9-43F756CBBC9C}.DebugGame Editor|Win32.ActiveCfg = BuiltWithUnrealBuildTool|Win32
		{07FD2768-3627-4EB5-85F9-43F756CBBC9C}.DebugGame Editor|Win64.ActiveCfg = BuiltWithUnrealBuildTool|Win32
		{07FD2768-3627-4EB5-85F9-43F756CBBC9C}.DebugGame|HTML5.ActiveCfg = BuiltWithUnrealBuildTool|Win32
		{07FD2768-3627-4EB5-85F9-43F756CBBC9C}.DebugGame|Win32.ActiveCfg = BuiltWithUnrealBuildTool|Win32
		{07FD2768-3627-4EB5-85F9-43F756CBBC9C}.DebugGame|Win64.ActiveCfg = BuiltWithUnrealBuildTool|Win32
		{07FD2768-3627-4EB5-85F9-43F756CBBC9C}.Development Editor|HTML5.ActiveCfg = BuiltWithUnrealBuildTool|Win32
		{07FD2768-3627-4EB5-85F9-43F756CBBC9C}.Development Editor|Win32.ActiveCfg = BuiltWithUnrealBuildTool|Win32
		{07FD2768-3627-4EB5-85F9-43F756CBBC9C}.Development Editor|Win64.ActiveCfg = BuiltWithUnrealBuildTool|Win32
		{07FD2768-3627-4EB5-85F9-43F756CBBC9C}.Development|HTML5.ActiveCfg = BuiltWithUnrealBuildTool|Win32
		{07FD2768-3627-4EB5-85F9-43F756CBBC9C}.Development|Win32.ActiveCfg = BuiltWithUnrealBuildTool|Win32
		{07FD2768-3627-4EB5-85F9-43F756CBBC9C}.Development|Win64.ActiveCfg = BuiltWithUnrealBuildTool|Win32
		{07FD2768-3627-4EB5-85F9-43F756CBBC9C}.Shipping|HTML5.ActiveCfg = BuiltWithUnrealBuildTool|Win32
		{07FD2768-3627-4EB5-85F9-43F756CBBC9C}.Shipping|Win32.ActiveCfg = BuiltWithUnrealBuildTool|Win32
		{07FD2768-3627-4EB5-85F9-43F756CBBC9C}.Shipping|Win64.ActiveCfg = BuiltWithUnrealBuildTool|Win32
	EndGlobalSection
	GlobalSection(SolutionProperties) = preSolution
		HideSolutionNode = FALSE
	EndGlobalSection
	GlobalSection(NestedProjects) = preSolution
		{07FD2768-3627-4EB5-85F9-43F756CBBC9C} = {6FBA406C-AB65-4266-A570-0A14A22E2FB2}
		{D495BC8E-4096-4C2B-B6F4-93445F8F9B4C} = {29310D59-D14D-409E-8EDF-8A42949897F7}
		{D495BC8E-4096-4C2B-B6F4-93445F8F9B4C} = {29310D59-D14D-409E-8EDF-8A42949897F7}
	EndGlobalSection
EndGlobal
